
Microsoft Visual Studio Solution File, Format Version 12.00
# Visual Studio Version 17
VisualStudioVersion = 17.0.31919.166
MinimumVisualStudioVersion = 10.0.40219.1
Project("{9A19103F-16F7-4668-BE54-9A1E7A4F7556}") = "backend", "backend.csproj", "{1FB46503-564E-4B58-9156-12D991C5B2D1}"
EndProject
Project("{FAE04EC0-301F-11D3-BF4B-00C04F79EFBC}") = "Book.Tests", "..\Book.Tests\Book.Tests.csproj", "{47388603-0802-47D0-A5A7-1BD3E416F4CF}"
EndProject
Global
	GlobalSection(SolutionConfigurationPlatforms) = preSolution
		Debug|Any CPU = Debug|Any CPU
		Release|Any CPU = Release|Any CPU
	EndGlobalSection
	GlobalSection(ProjectConfigurationPlatforms) = postSolution
		{1FB46503-564E-4B58-9156-12D991C5B2D1}.Debug|Any CPU.ActiveCfg = Debug|Any CPU
		{1FB46503-564E-4B58-9156-12D991C5B2D1}.Debug|Any CPU.Build.0 = Debug|Any CPU
		{1FB46503-564E-4B58-9156-12D991C5B2D1}.Release|Any CPU.ActiveCfg = Release|Any CPU
		{1FB46503-564E-4B58-9156-12D991C5B2D1}.Release|Any CPU.Build.0 = Release|Any CPU
		{47388603-0802-47D0-A5A7-1BD3E416F4CF}.Debug|Any CPU.ActiveCfg = Debug|Any CPU
		{47388603-0802-47D0-A5A7-1BD3E416F4CF}.Debug|Any CPU.Build.0 = Debug|Any CPU
		{47388603-0802-47D0-A5A7-1BD3E416F4CF}.Release|Any CPU.ActiveCfg = Release|Any CPU
		{47388603-0802-47D0-A5A7-1BD3E416F4CF}.Release|Any CPU.Build.0 = Release|Any CPU
	EndGlobalSection
	GlobalSection(SolutionProperties) = preSolution
		HideSolutionNode = FALSE
	EndGlobalSection
	GlobalSection(ExtensibilityGlobals) = postSolution
		SolutionGuid = {71CAF255-D5B2-47BC-B525-462EDC5DF593}
	EndGlobalSection
EndGlobal
